
Microsoft Visual Studio Solution File, Format Version 12.00
# Visual Studio Version 16
VisualStudioVersion = 16.0.34031.81
MinimumVisualStudioVersion = 10.0.40219.1
Project("{2150E333-8FDC-42A3-9474-1A3956D46DE8}") = "Task0", "Task0", "{A6149DB5-F2F6-4062-8044-CAE3BB4BA1D5}"
EndProject
Project("{FAE04EC0-301F-11D3-BF4B-00C04F79EFBC}") = "Tyuiu.ShayahmetovRR.Sprint0.Task0.V0", "Tyuiu.ShayahmetovRR.Sprint0.Task0.V0\Tyuiu.ShayahmetovRR.Sprint0.Task0.V0.csproj", "{A6125797-C6A8-423B-A70E-A712DA683594}"
EndProject
Project("{2150E333-8FDC-42A3-9474-1A3956D46DE8}") = "Task1", "Task1", "{619E2987-6670-4157-A19D-95C8A0F229F9}"
EndProject
Project("{FAE04EC0-301F-11D3-BF4B-00C04F79EFBC}") = "Tyuiu.ShayahmetovRR.Sprint0.Task1.V0", "Tyuiu.ShayahmetovRR.Sprint0.Task1.V0\Tyuiu.ShayahmetovRR.Sprint0.Task1.V0.csproj", "{F0BB65EF-B35E-4C8F-80F5-44C4165734F8}"
EndProject
Project("{2150E333-8FDC-42A3-9474-1A3956D46DE8}") = "Task2", "Task2", "{4C5A727D-4198-48E1-B9EC-BFE8169D6563}"
EndProject
Project("{FAE04EC0-301F-11D3-BF4B-00C04F79EFBC}") = "Tyuiu.ShayahmetovRR.Sprint0.Task2.V0", "Tyuiu.ShayahmetovRR.Sprint0.Task2.V0\Tyuiu.ShayahmetovRR.Sprint0.Task2.V0.csproj", "{9508426A-1453-428E-B97C-AC15307B8668}"
EndProject
Project("{FAE04EC0-301F-11D3-BF4B-00C04F79EFBC}") = "Tyuiu.ShayahmetovRR.Sprint0.Task2.V0.Lib", "Tyuiu.ShayahmetovRR.Sprint0.Task2.V0.Lib\Tyuiu.ShayahmetovRR.Sprint0.Task2.V0.Lib.csproj", "{55365A1D-572E-4921-B58F-AC2A42A8C4D8}"
EndProject
Project("{FAE04EC0-301F-11D3-BF4B-00C04F79EFBC}") = "Tyuiu.ShayahmetovRR.Sprint0.Task2.V0.Test", "Tyuiu.ShayahmetovRR.Sprint0.Task2.V0.Test\Tyuiu.ShayahmetovRR.Sprint0.Task2.V0.Test.csproj", "{C30180A5-E33F-4BCC-B3D6-885E2BD781DA}"
EndProject
Global
	GlobalSection(SolutionConfigurationPlatforms) = preSolution
		Debug|Any CPU = Debug|Any CPU
		Release|Any CPU = Release|Any CPU
	EndGlobalSection
	GlobalSection(ProjectConfigurationPlatforms) = postSolution
		{A6125797-C6A8-423B-A70E-A712DA683594}.Debug|Any CPU.ActiveCfg = Debug|Any CPU
		{A6125797-C6A8-423B-A70E-A712DA683594}.Debug|Any CPU.Build.0 = Debug|Any CPU
		{A6125797-C6A8-423B-A70E-A712DA683594}.Release|Any CPU.ActiveCfg = Release|Any CPU
		{A6125797-C6A8-423B-A70E-A712DA683594}.Release|Any CPU.Build.0 = Release|Any CPU
		{F0BB65EF-B35E-4C8F-80F5-44C4165734F8}.Debug|Any CPU.ActiveCfg = Debug|Any CPU
		{F0BB65EF-B35E-4C8F-80F5-44C4165734F8}.Debug|Any CPU.Build.0 = Debug|Any CPU
		{F0BB65EF-B35E-4C8F-80F5-44C4165734F8}.Release|Any CPU.ActiveCfg = Release|Any CPU
		{F0BB65EF-B35E-4C8F-80F5-44C4165734F8}.Release|Any CPU.Build.0 = Release|Any CPU
		{9508426A-1453-428E-B97C-AC15307B8668}.Debug|Any CPU.ActiveCfg = Debug|Any CPU
		{9508426A-1453-428E-B97C-AC15307B8668}.Debug|Any CPU.Build.0 = Debug|Any CPU
		{9508426A-1453-428E-B97C-AC15307B8668}.Release|Any CPU.ActiveCfg = Release|Any CPU
		{9508426A-1453-428E-B97C-AC15307B8668}.Release|Any CPU.Build.0 = Release|Any CPU
		{55365A1D-572E-4921-B58F-AC2A42A8C4D8}.Debug|Any CPU.ActiveCfg = Debug|Any CPU
		{55365A1D-572E-4921-B58F-AC2A42A8C4D8}.Debug|Any CPU.Build.0 = Debug|Any CPU
		{55365A1D-572E-4921-B58F-AC2A42A8C4D8}.Release|Any CPU.ActiveCfg = Release|Any CPU
		{55365A1D-572E-4921-B58F-AC2A42A8C4D8}.Release|Any CPU.Build.0 = Release|Any CPU
		{C30180A5-E33F-4BCC-B3D6-885E2BD781DA}.Debug|Any CPU.ActiveCfg = Debug|Any CPU
		{C30180A5-E33F-4BCC-B3D6-885E2BD781DA}.Debug|Any CPU.Build.0 = Debug|Any CPU
		{C30180A5-E33F-4BCC-B3D6-885E2BD781DA}.Release|Any CPU.ActiveCfg = Release|Any CPU
		{C30180A5-E33F-4BCC-B3D6-885E2BD781DA}.Release|Any CPU.Build.0 = Release|Any CPU
	EndGlobalSection
	GlobalSection(SolutionProperties) = preSolution
		HideSolutionNode = FALSE
	EndGlobalSection
	GlobalSection(NestedProjects) = preSolution
		{A6125797-C6A8-423B-A70E-A712DA683594} = {A6149DB5-F2F6-4062-8044-CAE3BB4BA1D5}
		{F0BB65EF-B35E-4C8F-80F5-44C4165734F8} = {619E2987-6670-4157-A19D-95C8A0F229F9}
		{9508426A-1453-428E-B97C-AC15307B8668} = {4C5A727D-4198-48E1-B9EC-BFE8169D6563}
		{55365A1D-572E-4921-B58F-AC2A42A8C4D8} = {4C5A727D-4198-48E1-B9EC-BFE8169D6563}
		{C30180A5-E33F-4BCC-B3D6-885E2BD781DA} = {4C5A727D-4198-48E1-B9EC-BFE8169D6563}
	EndGlobalSection
	GlobalSection(ExtensibilityGlobals) = postSolution
		SolutionGuid = {95E7F3FE-8E84-40ED-A194-DE4381790CEC}
	EndGlobalSection
EndGlobal
